{
  "projects": [
    {
      "projectId": "ohDidvG9XsCeFumugENU3J",
      "version": "6.29.0",
      "dependencies": {},
      "lang": "js",
      "fileLocks": [
        {
          "assetId": "ohDidvG9XsCeFumugENU3J",
          "type": "projectCss",
          "checksum": "ba2a60a163fca4f4d510275088a2be53"
        },
        {
          "assetId": "ohDidvG9XsCeFumugENU3J",
          "checksum": "de0a0e65174a6a185a8f822af51c6bdd",
          "type": "globalContexts"
        }
      ],
      "codegenVersion": "0.0.1"
    },
    {
      "projectId": "5dGW8Awro3qq8Hh5MveXLP",
      "version": "1.28.0",
      "dependencies": {},
      "lang": "js",
      "fileLocks": [
        {
          "assetId": "5dGW8Awro3qq8Hh5MveXLP",
          "type": "projectCss",
          "checksum": "853dbe64f7ebbe0fdaa1ab72cf5b53e6"
        }
      ],
      "codegenVersion": "0.0.1"
    },
    {
      "projectId": "58GpZjZCWTaJ8AUhpCwt2K",
      "version": "3.28.0",
      "dependencies": {},
      "lang": "js",
      "fileLocks": [
        {
          "assetId": "58GpZjZCWTaJ8AUhpCwt2K",
          "type": "projectCss",
          "checksum": "f0469e206244772473ab64f50be898f9"
        }
      ],
      "codegenVersion": "0.0.1"
    },
    {
      "projectId": "gmeH6XgPaBtkt51HunAo4g",
      "version": "18.14.0",
      "dependencies": {},
      "lang": "js",
      "fileLocks": [
        {
          "assetId": "gmeH6XgPaBtkt51HunAo4g",
          "type": "projectCss",
          "checksum": "1c02168c6b23256606111fdfdbb63549"
        }
      ],
      "codegenVersion": "0.0.1"
    },
    {
      "projectId": "d1S8dWKKr4PVKg3azHqMAd",
      "version": "latest",
      "dependencies": {
        "gmeH6XgPaBtkt51HunAo4g": "18.14.0",
        "58GpZjZCWTaJ8AUhpCwt2K": "3.28.0",
        "5dGW8Awro3qq8Hh5MveXLP": "1.28.0",
        "ohDidvG9XsCeFumugENU3J": "6.29.0",
        "caTPwKxj5ZrD9LQ7DMdK4Z": "3.40.0",
        "8PtdGodUbexNYgkuyBUcWu": "3.27.0"
      },
      "lang": "js",
      "fileLocks": [
        {
          "type": "globalVariant",
          "assetId": "s47GOinckgZX",
          "checksum": "b133fc8480b649f068a542f9334cad42"
        },
        {
          "assetId": "d1S8dWKKr4PVKg3azHqMAd",
          "checksum": "9d5ef4d6b7d22e6ba41b24528d5ebf66",
          "type": "globalContexts"
        },
        {
          "type": "renderModule",
          "assetId": "FF1ZM-8Jk0J7",
          "checksum": "9f5024e6f81155aaf8fd418531932457"
        },
        {
          "type": "cssRules",
          "assetId": "FF1ZM-8Jk0J7",
          "checksum": "9f5024e6f81155aaf8fd418531932457"
        },
        {
          "type": "renderModule",
          "assetId": "R-SJru1lXq4W",
          "checksum": "b8060d4ff42341bdfad4de0bcfde0d09"
        },
        {
          "type": "cssRules",
          "assetId": "R-SJru1lXq4W",
          "checksum": "b8060d4ff42341bdfad4de0bcfde0d09"
        },
        {
          "type": "renderModule",
          "assetId": "NyC0ja4FReyd",
          "checksum": "a85bd00a4045cc4270a4e2756c04e4c0"
        },
        {
          "type": "cssRules",
          "assetId": "NyC0ja4FReyd",
          "checksum": "a85bd00a4045cc4270a4e2756c04e4c0"
        },
        {
          "type": "renderModule",
          "assetId": "I5AXkEeNuKel",
          "checksum": "e96606861fbeeef4de9cf363e702367a"
        },
        {
          "type": "cssRules",
          "assetId": "I5AXkEeNuKel",
          "checksum": "e96606861fbeeef4de9cf363e702367a"
        },
        {
          "type": "renderModule",
          "assetId": "B7pg-YS7wyr5",
          "checksum": "ece38d6d241db557727629a3683bb58f"
        },
        {
          "type": "cssRules",
          "assetId": "B7pg-YS7wyr5",
          "checksum": "ece38d6d241db557727629a3683bb58f"
        },
        {
          "type": "renderModule",
          "assetId": "r8IC48IXXK4Y",
          "checksum": "9331b8d20420943a3d6bb15b163c67a7"
        },
        {
          "type": "cssRules",
          "assetId": "r8IC48IXXK4Y",
          "checksum": "9331b8d20420943a3d6bb15b163c67a7"
        },
        {
          "type": "renderModule",
          "assetId": "-X70zYJ8v7jA",
          "checksum": "e238f4ec418ecd6ed700cab60a8cff06"
        },
        {
          "type": "cssRules",
          "assetId": "-X70zYJ8v7jA",
          "checksum": "e238f4ec418ecd6ed700cab60a8cff06"
        },
        {
          "type": "renderModule",
          "assetId": "XtPi33MMKJk2",
          "checksum": "912cb6edfd0573f597a19682aeefa847"
        },
        {
          "type": "cssRules",
          "assetId": "XtPi33MMKJk2",
          "checksum": "912cb6edfd0573f597a19682aeefa847"
        },
        {
          "type": "renderModule",
          "assetId": "gg97tV4Rt324",
          "checksum": "98f67f3e747ecbd57413e0730486754c"
        },
        {
          "type": "cssRules",
          "assetId": "gg97tV4Rt324",
          "checksum": "98f67f3e747ecbd57413e0730486754c"
        },
        {
          "type": "renderModule",
          "assetId": "Nhye0hOxPGVM",
          "checksum": "3b9fffb72cabaa66296627d3260850c0"
        },
        {
          "type": "cssRules",
          "assetId": "Nhye0hOxPGVM",
          "checksum": "3b9fffb72cabaa66296627d3260850c0"
        },
        {
          "type": "renderModule",
          "assetId": "djnekkvBQrac",
          "checksum": "da739ee08c62a726a6972b3711372cd2"
        },
        {
          "type": "cssRules",
          "assetId": "djnekkvBQrac",
          "checksum": "da739ee08c62a726a6972b3711372cd2"
        },
        {
          "type": "renderModule",
          "assetId": "qcH6HD0MTML6",
          "checksum": "f499c452fc158c03faa069d4ae5f5fd1"
        },
        {
          "type": "cssRules",
          "assetId": "qcH6HD0MTML6",
          "checksum": "f499c452fc158c03faa069d4ae5f5fd1"
        },
        {
          "type": "icon",
          "assetId": "iWZ-MOjTzM2q",
          "checksum": "9cc0896ff2fc926100f8ee0a0ec08f77"
        },
        {
          "type": "icon",
          "assetId": "4U7RqXjib7I_",
          "checksum": "c21827bfd4084af4294fb2a543f933a6"
        },
        {
          "type": "icon",
          "assetId": "Cp2L8zi4lzbR",
          "checksum": "1f72d47cc01a108ee1f70dc47db24994"
        },
        {
          "type": "icon",
          "assetId": "0Yc0qB2HRg3n",
          "checksum": "c1b99b85fb027a7ac4e6209fb3edd52f"
        },
        {
          "type": "icon",
          "assetId": "0pMmrYlcTmZQ",
          "checksum": "d162b447d585633e4661b0d74f564a9f"
        },
        {
          "type": "icon",
          "assetId": "fq3_ClJo58Dz",
          "checksum": "32390bcf0bb9b4d9c0d808fed708c477"
        },
        {
          "type": "image",
          "assetId": "5pBE6_hT0oCz",
          "checksum": "1a7efeb87521088bc94e8a204561264e"
        },
        {
          "type": "image",
          "assetId": "XxEPVhgWbomG",
          "checksum": "c95c9e374f954d22c6e8aae7ba557c61"
        },
        {
          "type": "image",
          "assetId": "o1AMtOt5OpIS",
          "checksum": "50dd7263400236cb203cd2a43a58846f"
        },
        {
          "type": "image",
          "assetId": "qevrOrVcDQVm",
          "checksum": "926201c56a7a3bdbf2a05202b2ef39d4"
        },
        {
          "type": "image",
          "assetId": "Jp9_jDTa1-fw",
          "checksum": "7ad9be4298ed8de576e49bd5fda6b9de"
        },
        {
          "type": "image",
          "assetId": "fwDIMvPnv588",
          "checksum": "29bce23066b060acc7d78e34c4712840"
        },
        {
          "type": "image",
          "assetId": "1q4u4-bkwIe4",
          "checksum": "774c3b69e8471a84b8fd23131192d0a5"
        },
        {
          "type": "image",
          "assetId": "Wf1L8N16YkRl",
          "checksum": "c0aeda0070b9e7548f9b20279ba4e28d"
        },
        {
          "type": "image",
          "assetId": "AiZFit0s74qv",
          "checksum": "a29aec54f4a636f9b55aa3465f879662"
        },
        {
          "type": "image",
          "assetId": "6dGvq35I32Aj",
          "checksum": "c8acc349914954c0eea637957cecb5cf"
        },
        {
          "type": "image",
          "assetId": "zr29VwphTwjU",
          "checksum": "40d593013f7b7c094086d481f4860523"
        },
        {
          "type": "image",
          "assetId": "kjSR8qq8-hEr",
          "checksum": "77b0cac97817c4c6a34a1d307d4060df"
        },
        {
          "type": "image",
          "assetId": "idGIl64GqDSA",
          "checksum": "1ef8c39f2eb8da1a0a9fb2679e2468ae"
        },
        {
          "type": "image",
          "assetId": "F1lIpAQ-mskE",
          "checksum": "95cd900ad9589c253f7825084e040cc7"
        },
        {
          "type": "renderModule",
          "assetId": "KY3VR_cw940f",
          "checksum": "6aded6e95b2ad918e0d1a3c0db427e63"
        },
        {
          "type": "cssRules",
          "assetId": "KY3VR_cw940f",
          "checksum": "6aded6e95b2ad918e0d1a3c0db427e63"
        },
        {
          "type": "renderModule",
          "assetId": "KnagBLotfm8n",
          "checksum": "c2ceb2ee7eae3e0fdc92ee44e232f0aa"
        },
        {
          "type": "cssRules",
          "assetId": "KnagBLotfm8n",
          "checksum": "c2ceb2ee7eae3e0fdc92ee44e232f0aa"
        },
        {
          "type": "image",
          "assetId": "bertbCK5Fjuk",
          "checksum": "b7d390ce4dade664f71586cadd4764e6"
        },
        {
          "type": "globalVariant",
          "assetId": "lmEUP9r96TgA",
          "checksum": "4fb6bac3d7fa91b41e027b2e35e04332"
        },
        {
          "type": "globalVariant",
          "assetId": "d-7KXKQLcMSd",
          "checksum": "9c178cd65a82de39155954019bd0edff"
        },
        {
          "type": "renderModule",
          "assetId": "iWEXpMMIuiJP",
          "checksum": "ebd7ada39f2ebc6a0bc60edd151598f1"
        },
        {
          "type": "cssRules",
          "assetId": "iWEXpMMIuiJP",
          "checksum": "ebd7ada39f2ebc6a0bc60edd151598f1"
        },
        {
          "type": "renderModule",
          "assetId": "pFyODzmUsTrr",
          "checksum": "23b1377b0850628da10e288b109c66be"
        },
        {
          "type": "cssRules",
          "assetId": "pFyODzmUsTrr",
          "checksum": "23b1377b0850628da10e288b109c66be"
        },
        {
          "type": "renderModule",
          "assetId": "zcnybJ5YUZhH",
          "checksum": "1dcec73b1b3a2de121a0cfa6bcb968f2"
        },
        {
          "type": "cssRules",
          "assetId": "zcnybJ5YUZhH",
          "checksum": "1dcec73b1b3a2de121a0cfa6bcb968f2"
        },
        {
          "type": "renderModule",
          "assetId": "AfjdpiB-P5Vp",
          "checksum": "61f777af3b508eb3b4ff53b70e692f0e"
        },
        {
          "type": "cssRules",
          "assetId": "AfjdpiB-P5Vp",
          "checksum": "61f777af3b508eb3b4ff53b70e692f0e"
        },
        {
          "type": "renderModule",
          "assetId": "dvwTw_dfn0T0",
          "checksum": "b15a21ff891db9f4c93249d48aed6f30"
        },
        {
          "type": "cssRules",
          "assetId": "dvwTw_dfn0T0",
          "checksum": "b15a21ff891db9f4c93249d48aed6f30"
        },
        {
          "type": "renderModule",
          "assetId": "X52kQRY_iq9Z",
          "checksum": "b25214b2e13413247ef0aa962361cb86"
        },
        {
          "type": "cssRules",
          "assetId": "X52kQRY_iq9Z",
          "checksum": "b25214b2e13413247ef0aa962361cb86"
        },
        {
          "type": "renderModule",
          "assetId": "P5kxFOwE0QuU",
          "checksum": "9cb9e40c219eed7ce38b9c2eb680e9c2"
        },
        {
          "type": "cssRules",
          "assetId": "P5kxFOwE0QuU",
          "checksum": "9cb9e40c219eed7ce38b9c2eb680e9c2"
        },
        {
          "type": "renderModule",
          "assetId": "AwKY7Z3tgwrS",
          "checksum": "4b52c145fe2d426890f29031d9575025"
        },
        {
          "type": "cssRules",
          "assetId": "AwKY7Z3tgwrS",
          "checksum": "4b52c145fe2d426890f29031d9575025"
        },
        {
          "type": "image",
          "assetId": "ypgnkBWwrx6V",
          "checksum": "d397208439747a1dcfdbdc78cd2bf1ff"
        },
        {
          "type": "renderModule",
          "assetId": "6tqD7RxOexIY",
          "checksum": "d7fc8f2a7c0d26aebbb26028307a7e79"
        },
        {
          "type": "cssRules",
          "assetId": "6tqD7RxOexIY",
          "checksum": "d7fc8f2a7c0d26aebbb26028307a7e79"
        },
        {
          "type": "renderModule",
          "assetId": "HYNio6jZqXQ9",
          "checksum": "a630b98ca94a7ffdfc91f1915584fede"
        },
        {
          "type": "cssRules",
          "assetId": "HYNio6jZqXQ9",
          "checksum": "a630b98ca94a7ffdfc91f1915584fede"
        },
        {
          "type": "renderModule",
          "assetId": "V2CRmMi9HuUW",
          "checksum": "a7576df6e412357361669c587273bb13"
        },
        {
          "type": "cssRules",
          "assetId": "V2CRmMi9HuUW",
          "checksum": "a7576df6e412357361669c587273bb13"
        },
        {
          "type": "image",
          "assetId": "0XFFjoto4-St",
          "checksum": "8f85d6e3652fb6dfe5363b946494ee41"
        },
        {
          "type": "image",
          "assetId": "E6ob_5Uy2u81",
          "checksum": "0d98da0ba852dd9114a740f53bb16111"
        },
        {
          "type": "image",
          "assetId": "dt5onsj82h7Q",
          "checksum": "993295823a8843a4c2226500dfa0fb21"
        },
        {
          "type": "renderModule",
          "assetId": "DVa-YbIJ58vg",
          "checksum": "5b0640c59361994f448870d0ae047de9"
        },
        {
          "type": "cssRules",
          "assetId": "DVa-YbIJ58vg",
          "checksum": "5b0640c59361994f448870d0ae047de9"
        },
        {
          "type": "renderModule",
          "assetId": "k5tf2deh1V9A",
          "checksum": "84c8c4db48c907863e5239cd35946d31"
        },
        {
          "type": "cssRules",
          "assetId": "k5tf2deh1V9A",
          "checksum": "84c8c4db48c907863e5239cd35946d31"
        },
        {
          "type": "renderModule",
          "assetId": "pEo-eFzuH1TF",
          "checksum": "6ec6693582896a94740c54670f235b40"
        },
        {
          "type": "cssRules",
          "assetId": "pEo-eFzuH1TF",
          "checksum": "6ec6693582896a94740c54670f235b40"
        },
        {
          "type": "renderModule",
          "assetId": "TTtT2m4PE29g",
          "checksum": "2a0ff6fe0996ab8404b2580a79136395"
        },
        {
          "type": "cssRules",
          "assetId": "TTtT2m4PE29g",
          "checksum": "2a0ff6fe0996ab8404b2580a79136395"
        },
        {
          "type": "renderModule",
          "assetId": "tGt2Vv6UjgKU",
          "checksum": "0ff41046df55d79d6b5bafd72a72097e"
        },
        {
          "type": "cssRules",
          "assetId": "tGt2Vv6UjgKU",
          "checksum": "0ff41046df55d79d6b5bafd72a72097e"
        },
        {
          "type": "image",
          "assetId": "B1amj_hvIdpE",
          "checksum": "8efa75338f202ba4347ef8b983ed142f"
        },
        {
          "type": "image",
          "assetId": "vHn1NJ69YGgd",
          "checksum": "a72cc45fb773bd67f622d439153b661a"
        },
        {
          "type": "image",
          "assetId": "nvSeHRRywjmW",
          "checksum": "bb723dc9de581b102b8af509cb447dd3"
        },
        {
          "type": "image",
          "assetId": "osrXlKkjn0FM",
          "checksum": "d45914cedf8fa9f3273faeb8611d86b1"
        },
        {
          "type": "image",
          "assetId": "mwBmB9NQMLuc",
          "checksum": "17c860b28ce828e83bb653ea1171120b"
        },
        {
          "type": "image",
          "assetId": "cYq3nOJBhK6b",
          "checksum": "963684e976c212c898acdc7cd2fd0a93"
        },
        {
          "type": "image",
          "assetId": "D0KeIh0POEkn",
          "checksum": "b0a5ffa121e2fe41e97698f4b5a79e2a"
        },
        {
          "type": "image",
          "assetId": "qFdQdG_tT0I4",
          "checksum": "b814f9bf8b3d02ab9a5bf393ba7f3cb8"
        },
        {
          "type": "image",
          "assetId": "jJHTvrSTfZVE",
          "checksum": "4d8892be5f0bbad848b2ae5f1e79eaaa"
        },
        {
          "type": "image",
          "assetId": "fTYzfaCvtOKl",
          "checksum": "352ce2466e1386be282548a926675773"
        },
        {
          "type": "image",
          "assetId": "BFzVsqBRgNdg",
          "checksum": "f293aa4fbe4ef57ee933caec439a0fd4"
        },
        {
          "type": "image",
          "assetId": "DOZDxvDnFBy5",
          "checksum": "be12858f48a33081e785eb42edf8cdfa"
        },
        {
          "type": "renderModule",
          "assetId": "Q43YWLipWoOW",
          "checksum": "82243d222d599eafef9d26ece584be39"
        },
        {
          "type": "cssRules",
          "assetId": "Q43YWLipWoOW",
          "checksum": "82243d222d599eafef9d26ece584be39"
        },
        {
          "type": "image",
          "assetId": "NtTZPw9iOWEU",
          "checksum": "ebfd66ffc2219ff0ea5f9fb4b90982ff"
        },
        {
          "type": "image",
          "assetId": "HzBS--Z2pXSV",
          "checksum": "e86512f502a005196f28a85b9e9b8d55"
        },
        {
          "type": "image",
          "assetId": "tbUwNpuTdhvr",
          "checksum": "3d678c3cdd47f0b9e1963bc69f355e12"
        },
        {
          "type": "image",
          "assetId": "W5tcEOtZNFl9",
          "checksum": "36bd48c6925299bfd16402d186f39cdc"
        },
        {
          "type": "image",
          "assetId": "q5b0-9iHNVrM",
          "checksum": "43fccfa0d296dc4567c88397a4bdcd54"
        },
        {
          "type": "image",
          "assetId": "Zv56WbCd_OAs",
          "checksum": "71dcfa1477332b66c74eadf7d9fd9751"
        },
        {
          "type": "image",
          "assetId": "YFAr3wb8yY_0",
          "checksum": "ca114aa5eedb24b37a8d780bf7c78233"
        },
        {
          "type": "renderModule",
          "assetId": "HSr2qyS5g5Vp",
          "checksum": "540df6f257c97374c2a7cb505ab6796f"
        },
        {
          "type": "cssRules",
          "assetId": "HSr2qyS5g5Vp",
          "checksum": "540df6f257c97374c2a7cb505ab6796f"
        },
        {
          "assetId": "d1S8dWKKr4PVKg3azHqMAd",
          "type": "projectCss",
          "checksum": "618867b0465c02a4bf5ba1753985d6ed"
        }
      ],
      "codegenVersion": "0.0.1"
    },
    {
      "projectId": "caTPwKxj5ZrD9LQ7DMdK4Z",
      "version": "3.40.0",
      "dependencies": {},
      "lang": "js",
      "fileLocks": [
        {
          "assetId": "caTPwKxj5ZrD9LQ7DMdK4Z",
          "type": "projectCss",
          "checksum": "1c02168c6b23256606111fdfdbb63549"
        }
      ],
      "codegenVersion": "0.0.1"
    },
    {
      "projectId": "8PtdGodUbexNYgkuyBUcWu",
      "version": "3.27.0",
      "dependencies": {},
      "lang": "js",
      "fileLocks": [
        {
          "assetId": "8PtdGodUbexNYgkuyBUcWu",
          "type": "projectCss",
          "checksum": "9440f91b1e8169311ba244276a5922c3"
        },
        {
          "assetId": "8PtdGodUbexNYgkuyBUcWu",
          "checksum": "34a063f27f0b27a7d1d344bc6b5252c5",
          "type": "globalContexts"
        }
      ],
      "codegenVersion": "0.0.1"
    }
  ],
  "cliVersion": "0.1.335"
}
