{
  "projects": [
    {
      "projectId": "ohDidvG9XsCeFumugENU3J",
      "version": "6.29.0",
      "dependencies": {},
      "lang": "js",
      "fileLocks": [
        {
          "assetId": "ohDidvG9XsCeFumugENU3J",
          "type": "projectCss",
          "checksum": "ba2a60a163fca4f4d510275088a2be53"
        },
        {
          "assetId": "ohDidvG9XsCeFumugENU3J",
          "checksum": "de0a0e65174a6a185a8f822af51c6bdd",
          "type": "globalContexts"
        }
      ],
      "codegenVersion": "0.0.1"
    },
    {
      "projectId": "5dGW8Awro3qq8Hh5MveXLP",
      "version": "1.28.0",
      "dependencies": {},
      "lang": "js",
      "fileLocks": [
        {
          "assetId": "5dGW8Awro3qq8Hh5MveXLP",
          "type": "projectCss",
          "checksum": "853dbe64f7ebbe0fdaa1ab72cf5b53e6"
        }
      ],
      "codegenVersion": "0.0.1"
    },
    {
      "projectId": "58GpZjZCWTaJ8AUhpCwt2K",
      "version": "3.28.0",
      "dependencies": {},
      "lang": "js",
      "fileLocks": [
        {
          "assetId": "58GpZjZCWTaJ8AUhpCwt2K",
          "type": "projectCss",
          "checksum": "f0469e206244772473ab64f50be898f9"
        }
      ],
      "codegenVersion": "0.0.1"
    },
    {
      "projectId": "gmeH6XgPaBtkt51HunAo4g",
      "version": "18.14.0",
      "dependencies": {},
      "lang": "js",
      "fileLocks": [
        {
          "assetId": "gmeH6XgPaBtkt51HunAo4g",
          "type": "projectCss",
          "checksum": "1c02168c6b23256606111fdfdbb63549"
        }
      ],
      "codegenVersion": "0.0.1"
    },
    {
      "projectId": "d1S8dWKKr4PVKg3azHqMAd",
      "version": "latest",
      "dependencies": {
        "gmeH6XgPaBtkt51HunAo4g": "18.14.0",
        "58GpZjZCWTaJ8AUhpCwt2K": "3.28.0",
        "5dGW8Awro3qq8Hh5MveXLP": "1.28.0",
        "ohDidvG9XsCeFumugENU3J": "6.29.0",
        "caTPwKxj5ZrD9LQ7DMdK4Z": "3.40.0"
      },
      "lang": "js",
      "fileLocks": [
        {
          "type": "globalVariant",
          "assetId": "s47GOinckgZX",
          "checksum": "b133fc8480b649f068a542f9334cad42"
        },
        {
          "assetId": "d1S8dWKKr4PVKg3azHqMAd",
          "checksum": "f95883c67d8ccca3bae91acc07fe327c",
          "type": "globalContexts"
        },
        {
          "type": "renderModule",
          "assetId": "FF1ZM-8Jk0J7",
          "checksum": "e4bc7a339616277af59713badd02c920"
        },
        {
          "type": "cssRules",
          "assetId": "FF1ZM-8Jk0J7",
          "checksum": "e4bc7a339616277af59713badd02c920"
        },
        {
          "type": "renderModule",
          "assetId": "R-SJru1lXq4W",
          "checksum": "4e9ec0d83f6fb68c53873576d76689c6"
        },
        {
          "type": "cssRules",
          "assetId": "R-SJru1lXq4W",
          "checksum": "4e9ec0d83f6fb68c53873576d76689c6"
        },
        {
          "type": "renderModule",
          "assetId": "8wb4OZrnW-52",
          "checksum": "e9f6d270c94f3af51c4adf00670c430e"
        },
        {
          "type": "cssRules",
          "assetId": "8wb4OZrnW-52",
          "checksum": "e9f6d270c94f3af51c4adf00670c430e"
        },
        {
          "type": "renderModule",
          "assetId": "NyC0ja4FReyd",
          "checksum": "6e85c887ac3004ac661679e137639715"
        },
        {
          "type": "cssRules",
          "assetId": "NyC0ja4FReyd",
          "checksum": "6e85c887ac3004ac661679e137639715"
        },
        {
          "type": "renderModule",
          "assetId": "I5AXkEeNuKel",
          "checksum": "e96606861fbeeef4de9cf363e702367a"
        },
        {
          "type": "cssRules",
          "assetId": "I5AXkEeNuKel",
          "checksum": "e96606861fbeeef4de9cf363e702367a"
        },
        {
          "type": "renderModule",
          "assetId": "B7pg-YS7wyr5",
          "checksum": "ece38d6d241db557727629a3683bb58f"
        },
        {
          "type": "cssRules",
          "assetId": "B7pg-YS7wyr5",
          "checksum": "ece38d6d241db557727629a3683bb58f"
        },
        {
          "type": "renderModule",
          "assetId": "r8IC48IXXK4Y",
          "checksum": "9331b8d20420943a3d6bb15b163c67a7"
        },
        {
          "type": "cssRules",
          "assetId": "r8IC48IXXK4Y",
          "checksum": "9331b8d20420943a3d6bb15b163c67a7"
        },
        {
          "type": "renderModule",
          "assetId": "-X70zYJ8v7jA",
          "checksum": "e238f4ec418ecd6ed700cab60a8cff06"
        },
        {
          "type": "cssRules",
          "assetId": "-X70zYJ8v7jA",
          "checksum": "e238f4ec418ecd6ed700cab60a8cff06"
        },
        {
          "type": "renderModule",
          "assetId": "XtPi33MMKJk2",
          "checksum": "912cb6edfd0573f597a19682aeefa847"
        },
        {
          "type": "cssRules",
          "assetId": "XtPi33MMKJk2",
          "checksum": "912cb6edfd0573f597a19682aeefa847"
        },
        {
          "type": "renderModule",
          "assetId": "gg97tV4Rt324",
          "checksum": "6dc815ee736986c19e78aa6905591ecc"
        },
        {
          "type": "cssRules",
          "assetId": "gg97tV4Rt324",
          "checksum": "6dc815ee736986c19e78aa6905591ecc"
        },
        {
          "type": "renderModule",
          "assetId": "Nhye0hOxPGVM",
          "checksum": "3b9fffb72cabaa66296627d3260850c0"
        },
        {
          "type": "cssRules",
          "assetId": "Nhye0hOxPGVM",
          "checksum": "3b9fffb72cabaa66296627d3260850c0"
        },
        {
          "type": "renderModule",
          "assetId": "djnekkvBQrac",
          "checksum": "da739ee08c62a726a6972b3711372cd2"
        },
        {
          "type": "cssRules",
          "assetId": "djnekkvBQrac",
          "checksum": "da739ee08c62a726a6972b3711372cd2"
        },
        {
          "type": "renderModule",
          "assetId": "qcH6HD0MTML6",
          "checksum": "f499c452fc158c03faa069d4ae5f5fd1"
        },
        {
          "type": "cssRules",
          "assetId": "qcH6HD0MTML6",
          "checksum": "f499c452fc158c03faa069d4ae5f5fd1"
        },
        {
          "type": "icon",
          "assetId": "iWZ-MOjTzM2q",
          "checksum": "9cc0896ff2fc926100f8ee0a0ec08f77"
        },
        {
          "type": "icon",
          "assetId": "4U7RqXjib7I_",
          "checksum": "c21827bfd4084af4294fb2a543f933a6"
        },
        {
          "type": "icon",
          "assetId": "Cp2L8zi4lzbR",
          "checksum": "1f72d47cc01a108ee1f70dc47db24994"
        },
        {
          "type": "icon",
          "assetId": "0Yc0qB2HRg3n",
          "checksum": "c1b99b85fb027a7ac4e6209fb3edd52f"
        },
        {
          "type": "icon",
          "assetId": "0pMmrYlcTmZQ",
          "checksum": "d162b447d585633e4661b0d74f564a9f"
        },
        {
          "type": "icon",
          "assetId": "fq3_ClJo58Dz",
          "checksum": "32390bcf0bb9b4d9c0d808fed708c477"
        },
        {
          "type": "image",
          "assetId": "5pBE6_hT0oCz",
          "checksum": "1a7efeb87521088bc94e8a204561264e"
        },
        {
          "type": "image",
          "assetId": "XxEPVhgWbomG",
          "checksum": "c95c9e374f954d22c6e8aae7ba557c61"
        },
        {
          "type": "image",
          "assetId": "o1AMtOt5OpIS",
          "checksum": "50dd7263400236cb203cd2a43a58846f"
        },
        {
          "type": "image",
          "assetId": "qevrOrVcDQVm",
          "checksum": "926201c56a7a3bdbf2a05202b2ef39d4"
        },
        {
          "type": "image",
          "assetId": "Jp9_jDTa1-fw",
          "checksum": "7ad9be4298ed8de576e49bd5fda6b9de"
        },
        {
          "type": "image",
          "assetId": "fwDIMvPnv588",
          "checksum": "29bce23066b060acc7d78e34c4712840"
        },
        {
          "type": "image",
          "assetId": "1q4u4-bkwIe4",
          "checksum": "774c3b69e8471a84b8fd23131192d0a5"
        },
        {
          "type": "image",
          "assetId": "Wf1L8N16YkRl",
          "checksum": "c0aeda0070b9e7548f9b20279ba4e28d"
        },
        {
          "type": "image",
          "assetId": "AiZFit0s74qv",
          "checksum": "a29aec54f4a636f9b55aa3465f879662"
        },
        {
          "type": "image",
          "assetId": "6dGvq35I32Aj",
          "checksum": "c8acc349914954c0eea637957cecb5cf"
        },
        {
          "type": "image",
          "assetId": "zr29VwphTwjU",
          "checksum": "40d593013f7b7c094086d481f4860523"
        },
        {
          "type": "image",
          "assetId": "kjSR8qq8-hEr",
          "checksum": "77b0cac97817c4c6a34a1d307d4060df"
        },
        {
          "type": "image",
          "assetId": "idGIl64GqDSA",
          "checksum": "1ef8c39f2eb8da1a0a9fb2679e2468ae"
        },
        {
          "type": "image",
          "assetId": "F1lIpAQ-mskE",
          "checksum": "95cd900ad9589c253f7825084e040cc7"
        },
        {
          "type": "renderModule",
          "assetId": "KY3VR_cw940f",
          "checksum": "0a413799676dc0411534b5d4626153ca"
        },
        {
          "type": "cssRules",
          "assetId": "KY3VR_cw940f",
          "checksum": "0a413799676dc0411534b5d4626153ca"
        },
        {
          "type": "renderModule",
          "assetId": "KnagBLotfm8n",
          "checksum": "dc373c6210c3696bbd21f548d10bcf4d"
        },
        {
          "type": "cssRules",
          "assetId": "KnagBLotfm8n",
          "checksum": "dc373c6210c3696bbd21f548d10bcf4d"
        },
        {
          "type": "image",
          "assetId": "bertbCK5Fjuk",
          "checksum": "b7d390ce4dade664f71586cadd4764e6"
        },
        {
          "type": "globalVariant",
          "assetId": "lmEUP9r96TgA",
          "checksum": "4fb6bac3d7fa91b41e027b2e35e04332"
        },
        {
          "type": "globalVariant",
          "assetId": "d-7KXKQLcMSd",
          "checksum": "9c178cd65a82de39155954019bd0edff"
        },
        {
          "assetId": "d1S8dWKKr4PVKg3azHqMAd",
          "type": "projectCss",
          "checksum": "31bb7493fc86501e02f689fee7b5dff6"
        },
        {
          "type": "renderModule",
          "assetId": "iWEXpMMIuiJP",
          "checksum": "1e2e24893a141672b005b650d344bd96"
        },
        {
          "type": "cssRules",
          "assetId": "iWEXpMMIuiJP",
          "checksum": "1e2e24893a141672b005b650d344bd96"
        },
        {
          "type": "renderModule",
          "assetId": "pFyODzmUsTrr",
          "checksum": "72c0c901b605a6820efeeac8945e84fe"
        },
        {
          "type": "cssRules",
          "assetId": "pFyODzmUsTrr",
          "checksum": "72c0c901b605a6820efeeac8945e84fe"
        },
        {
          "type": "renderModule",
          "assetId": "zcnybJ5YUZhH",
          "checksum": "1dcec73b1b3a2de121a0cfa6bcb968f2"
        },
        {
          "type": "cssRules",
          "assetId": "zcnybJ5YUZhH",
          "checksum": "1dcec73b1b3a2de121a0cfa6bcb968f2"
        },
        {
          "type": "renderModule",
          "assetId": "AfjdpiB-P5Vp",
          "checksum": "61f777af3b508eb3b4ff53b70e692f0e"
        },
        {
          "type": "cssRules",
          "assetId": "AfjdpiB-P5Vp",
          "checksum": "61f777af3b508eb3b4ff53b70e692f0e"
        },
        {
          "type": "renderModule",
          "assetId": "dvwTw_dfn0T0",
          "checksum": "b15a21ff891db9f4c93249d48aed6f30"
        },
        {
          "type": "cssRules",
          "assetId": "dvwTw_dfn0T0",
          "checksum": "b15a21ff891db9f4c93249d48aed6f30"
        },
        {
          "type": "renderModule",
          "assetId": "X52kQRY_iq9Z",
          "checksum": "b25214b2e13413247ef0aa962361cb86"
        },
        {
          "type": "cssRules",
          "assetId": "X52kQRY_iq9Z",
          "checksum": "b25214b2e13413247ef0aa962361cb86"
        },
        {
          "type": "renderModule",
          "assetId": "P5kxFOwE0QuU",
          "checksum": "021c14c0e31ce606377ca68ffb7f21c9"
        },
        {
          "type": "cssRules",
          "assetId": "P5kxFOwE0QuU",
          "checksum": "021c14c0e31ce606377ca68ffb7f21c9"
        },
        {
          "type": "renderModule",
          "assetId": "AwKY7Z3tgwrS",
          "checksum": "4b52c145fe2d426890f29031d9575025"
        },
        {
          "type": "cssRules",
          "assetId": "AwKY7Z3tgwrS",
          "checksum": "4b52c145fe2d426890f29031d9575025"
        },
        {
          "type": "image",
          "assetId": "ypgnkBWwrx6V",
          "checksum": "d397208439747a1dcfdbdc78cd2bf1ff"
        }
      ],
      "codegenVersion": "0.0.1"
    },
    {
      "projectId": "caTPwKxj5ZrD9LQ7DMdK4Z",
      "version": "3.40.0",
      "dependencies": {},
      "lang": "js",
      "fileLocks": [
        {
          "assetId": "caTPwKxj5ZrD9LQ7DMdK4Z",
          "type": "projectCss",
          "checksum": "1c02168c6b23256606111fdfdbb63549"
        }
      ],
      "codegenVersion": "0.0.1"
    }
  ],
  "cliVersion": "0.1.335"
}
